
Microsoft Visual Studio Solution File, Format Version 12.00
# Visual Studio Version 17
VisualStudioVersion = 17.8.34525.116
MinimumVisualStudioVersion = 10.0.40219.1
Project("{FAE04EC0-301F-11D3-BF4B-00C04F79EFBC}") = "FerrumAddin", "FerrumAddin.csproj", "{36C29E80-E243-47CB-85D0-3299F79019CE}"
EndProject
Global
	GlobalSection(SolutionConfigurationPlatforms) = preSolution
		Debug|Any CPU = Debug|Any CPU
		Release|Any CPU = Release|Any CPU
	EndGlobalSection
	GlobalSection(ProjectConfigurationPlatforms) = postSolution
		{36C29E80-E243-47CB-85D0-3299F79019CE}.Debug|Any CPU.ActiveCfg = Debug|Any CPU
		{36C29E80-E243-47CB-85D0-3299F79019CE}.Debug|Any CPU.Build.0 = Debug|Any CPU
		{36C29E80-E243-47CB-85D0-3299F79019CE}.Release|Any CPU.ActiveCfg = Release|Any CPU
		{36C29E80-E243-47CB-85D0-3299F79019CE}.Release|Any CPU.Build.0 = Release|Any CPU
	EndGlobalSection
	GlobalSection(SolutionProperties) = preSolution
		HideSolutionNode = FALSE
	EndGlobalSection
	GlobalSection(ExtensibilityGlobals) = postSolution
		SolutionGuid = {90DC9AF1-3AE8-4338-9957-02BD139213CA}
	EndGlobalSection
EndGlobal
